
Microsoft Visual Studio Solution File, Format Version 12.00
# Visual Studio Version 16
VisualStudioVersion = 16.0.30621.155
MinimumVisualStudioVersion = 10.0.40219.1
Project("{FAE04EC0-301F-11D3-BF4B-00C04F79EFBC}") = "prjsecondapllication", "prjsecondapllication.csproj", "{0408EC54-8C39-4690-837A-E624570CDEA7}"
EndProject
Global
	GlobalSection(SolutionConfigurationPlatforms) = preSolution
		Debug|Any CPU = Debug|Any CPU
		Release|Any CPU = Release|Any CPU
	EndGlobalSection
	GlobalSection(ProjectConfigurationPlatforms) = postSolution
		{0408EC54-8C39-4690-837A-E624570CDEA7}.Debug|Any CPU.ActiveCfg = Debug|Any CPU
		{0408EC54-8C39-4690-837A-E624570CDEA7}.Debug|Any CPU.Build.0 = Debug|Any CPU
		{0408EC54-8C39-4690-837A-E624570CDEA7}.Release|Any CPU.ActiveCfg = Release|Any CPU
		{0408EC54-8C39-4690-837A-E624570CDEA7}.Release|Any CPU.Build.0 = Release|Any CPU
	EndGlobalSection
	GlobalSection(SolutionProperties) = preSolution
		HideSolutionNode = FALSE
	EndGlobalSection
	GlobalSection(ExtensibilityGlobals) = postSolution
		SolutionGuid = {B8115D53-2D16-47EE-AD41-BD5C69EA6A5E}
	EndGlobalSection
EndGlobal
